
Microsoft Visual Studio Solution File, Format Version 12.00
# Visual Studio 14
VisualStudioVersion = 14.0.25420.1
MinimumVisualStudioVersion = 10.0.40219.1
Project("{FAE04EC0-301F-11D3-BF4B-00C04F79EFBC}") = "RenderApp", "RenderApp\RenderApp.csproj", "{C3F6BAD0-F298-468B-A33B-220D78FD1048}"
	ProjectSection(ProjectDependencies) = postProject
		{5610EBDC-05D3-47CE-B954-BCC8E962D35A} = {5610EBDC-05D3-47CE-B954-BCC8E962D35A}
	EndProjectSection
EndProject
Project("{FAE04EC0-301F-11D3-BF4B-00C04F79EFBC}") = "STLBrowser", "STLBrowser\STLBrowser.csproj", "{634A67DC-4CA1-4A0D-8E8F-178DFC1A7CAD}"
EndProject
Project("{FAE04EC0-301F-11D3-BF4B-00C04F79EFBC}") = "KI.Foundation", "KI.Foundation\KI.Foundation.csproj", "{CFC71ACE-112A-467F-96EC-6566D4A6DFC6}"
EndProject
Project("{FAE04EC0-301F-11D3-BF4B-00C04F79EFBC}") = "KI.Gfx", "KI.Gfx\KI.Gfx.csproj", "{F5E989A2-028F-4E60-869C-EC57413376C6}"
EndProject
Project("{FAE04EC0-301F-11D3-BF4B-00C04F79EFBC}") = "ViewerTest", "ViewerTest\ViewerTest.csproj", "{81FF9E87-F6CD-4095-B284-CFA6E3830753}"
EndProject
Project("{FAE04EC0-301F-11D3-BF4B-00C04F79EFBC}") = "KI.Analyzer", "KI.Analyzer\KI.Analyzer.csproj", "{E8959545-0813-4D45-8C9F-1ADE07F3A21F}"
EndProject
Project("{FAE04EC0-301F-11D3-BF4B-00C04F79EFBC}") = "KI.Asset", "KI.Asset\KI.Asset.csproj", "{197A747A-9D2B-4273-BDC6-02941C876CB2}"
EndProject
Project("{FAE04EC0-301F-11D3-BF4B-00C04F79EFBC}") = "KI.Renderer", "KI.Renderer\KI.Renderer.csproj", "{8BDA5035-5778-4460-8166-E6B2BD477E29}"
EndProject
Project("{FAE04EC0-301F-11D3-BF4B-00C04F79EFBC}") = "KI.UI", "KI.UI\KI.UI.csproj", "{35F238B1-820C-4487-9081-A4AF3952219C}"
EndProject
Project("{FAE04EC0-301F-11D3-BF4B-00C04F79EFBC}") = "KI.Mathmatics", "KI.Mathmatics\KI.Mathmatics.csproj", "{5610EBDC-05D3-47CE-B954-BCC8E962D35A}"
EndProject
Project("{FAE04EC0-301F-11D3-BF4B-00C04F79EFBC}") = "ALL_BUILD", "ALL_BUILD\ALL_BUILD.csproj", "{8436B42B-430A-4CC3-9A9C-AF5743A459A9}"
	ProjectSection(ProjectDependencies) = postProject
		{63784908-38D4-4EF6-82F9-EA50EEC662E2} = {63784908-38D4-4EF6-82F9-EA50EEC662E2}
		{9C5EDA2E-270E-4CF0-8D59-479285C074F3} = {9C5EDA2E-270E-4CF0-8D59-479285C074F3}
		{DBD3B857-D3BD-4BBC-B51A-0C72FE9CFF67} = {DBD3B857-D3BD-4BBC-B51A-0C72FE9CFF67}
		{81FF9E87-F6CD-4095-B284-CFA6E3830753} = {81FF9E87-F6CD-4095-B284-CFA6E3830753}
		{4B56BAF2-A90D-41C8-A87A-B426C3053205} = {4B56BAF2-A90D-41C8-A87A-B426C3053205}
	EndProjectSection
EndProject
Project("{FAE04EC0-301F-11D3-BF4B-00C04F79EFBC}") = "CADApp", "CADApp\CADApp.csproj", "{9C5EDA2E-270E-4CF0-8D59-479285C074F3}"
EndProject
Project("{2150E333-8FDC-42A3-9474-1A3956D46DE8}") = "Application", "Application", "{230E655B-522B-46C4-A623-6B93D37E4203}"
EndProject
Project("{2150E333-8FDC-42A3-9474-1A3956D46DE8}") = "Library", "Library", "{0123AA02-09FF-4695-BCFF-227526CD2A67}"
EndProject
Project("{2150E333-8FDC-42A3-9474-1A3956D46DE8}") = "CAD", "CAD", "{D33D257F-4483-472E-B9EC-215BA0A5423C}"
EndProject
Project("{2150E333-8FDC-42A3-9474-1A3956D46DE8}") = "Renderer", "Renderer", "{8422F721-1927-46CE-B5A4-A6CDB5DC1065}"
EndProject
Project("{FAE04EC0-301F-11D3-BF4B-00C04F79EFBC}") = "RenderApp.Tool", "RenderApp.Tool\RenderApp.Tool.csproj", "{C8DF6069-E673-4957-A173-2BFCA883B102}"
EndProject
Project("{FAE04EC0-301F-11D3-BF4B-00C04F79EFBC}") = "CADApp.Tool", "CADApp.Tool\CADApp.Tool.csproj", "{63784908-38D4-4EF6-82F9-EA50EEC662E2}"
EndProject
Project("{FAE04EC0-301F-11D3-BF4B-00C04F79EFBC}") = "RenderApp.Model", "RenderApp.Model\RenderApp.Model.csproj", "{5E5560A2-6673-49F1-8089-C557C6172738}"
EndProject
Project("{FAE04EC0-301F-11D3-BF4B-00C04F79EFBC}") = "CADApp.Model", "CADApp.Model\CADApp.Model.csproj", "{64A84876-EE83-4042-A5C9-BC467B83591E}"
EndProject
Project("{FAE04EC0-301F-11D3-BF4B-00C04F79EFBC}") = "Graph2D", "Graph2D\Graph2D.csproj", "{4B56BAF2-A90D-41C8-A87A-B426C3053205}"
EndProject
Project("{2150E333-8FDC-42A3-9474-1A3956D46DE8}") = "ImageProc", "ImageProc", "{6E85ECFF-38FB-47AF-B534-E0A52CEB0F06}"
EndProject
Project("{FAE04EC0-301F-11D3-BF4B-00C04F79EFBC}") = "ImageProcessor", "ImageProcessor\ImageProcessor.csproj", "{DBD3B857-D3BD-4BBC-B51A-0C72FE9CFF67}"
	ProjectSection(ProjectDependencies) = postProject
		{8BDA5035-5778-4460-8166-E6B2BD477E29} = {8BDA5035-5778-4460-8166-E6B2BD477E29}
		{E8959545-0813-4D45-8C9F-1ADE07F3A21F} = {E8959545-0813-4D45-8C9F-1ADE07F3A21F}
		{197A747A-9D2B-4273-BDC6-02941C876CB2} = {197A747A-9D2B-4273-BDC6-02941C876CB2}
		{F5E989A2-028F-4E60-869C-EC57413376C6} = {F5E989A2-028F-4E60-869C-EC57413376C6}
		{35F238B1-820C-4487-9081-A4AF3952219C} = {35F238B1-820C-4487-9081-A4AF3952219C}
		{CFC71ACE-112A-467F-96EC-6566D4A6DFC6} = {CFC71ACE-112A-467F-96EC-6566D4A6DFC6}
		{5610EBDC-05D3-47CE-B954-BCC8E962D35A} = {5610EBDC-05D3-47CE-B954-BCC8E962D35A}
	EndProjectSection
EndProject
Global
	GlobalSection(SolutionConfigurationPlatforms) = preSolution
		Debug|x64 = Debug|x64
		Release|x64 = Release|x64
	EndGlobalSection
	GlobalSection(ProjectConfigurationPlatforms) = postSolution
		{C3F6BAD0-F298-468B-A33B-220D78FD1048}.Debug|x64.ActiveCfg = Debug|x64
		{C3F6BAD0-F298-468B-A33B-220D78FD1048}.Debug|x64.Build.0 = Debug|x64
		{C3F6BAD0-F298-468B-A33B-220D78FD1048}.Release|x64.ActiveCfg = Release|x64
		{C3F6BAD0-F298-468B-A33B-220D78FD1048}.Release|x64.Build.0 = Release|x64
		{634A67DC-4CA1-4A0D-8E8F-178DFC1A7CAD}.Debug|x64.ActiveCfg = Debug|Any CPU
		{634A67DC-4CA1-4A0D-8E8F-178DFC1A7CAD}.Debug|x64.Build.0 = Debug|Any CPU
		{634A67DC-4CA1-4A0D-8E8F-178DFC1A7CAD}.Release|x64.ActiveCfg = Release|Any CPU
		{634A67DC-4CA1-4A0D-8E8F-178DFC1A7CAD}.Release|x64.Build.0 = Release|Any CPU
		{CFC71ACE-112A-467F-96EC-6566D4A6DFC6}.Debug|x64.ActiveCfg = Debug|Any CPU
		{CFC71ACE-112A-467F-96EC-6566D4A6DFC6}.Debug|x64.Build.0 = Debug|Any CPU
		{CFC71ACE-112A-467F-96EC-6566D4A6DFC6}.Release|x64.ActiveCfg = Release|Any CPU
		{CFC71ACE-112A-467F-96EC-6566D4A6DFC6}.Release|x64.Build.0 = Release|Any CPU
		{F5E989A2-028F-4E60-869C-EC57413376C6}.Debug|x64.ActiveCfg = Debug|Any CPU
		{F5E989A2-028F-4E60-869C-EC57413376C6}.Debug|x64.Build.0 = Debug|Any CPU
		{F5E989A2-028F-4E60-869C-EC57413376C6}.Release|x64.ActiveCfg = Release|Any CPU
		{F5E989A2-028F-4E60-869C-EC57413376C6}.Release|x64.Build.0 = Release|Any CPU
		{81FF9E87-F6CD-4095-B284-CFA6E3830753}.Debug|x64.ActiveCfg = Debug|Any CPU
		{81FF9E87-F6CD-4095-B284-CFA6E3830753}.Debug|x64.Build.0 = Debug|Any CPU
		{81FF9E87-F6CD-4095-B284-CFA6E3830753}.Release|x64.ActiveCfg = Release|Any CPU
		{81FF9E87-F6CD-4095-B284-CFA6E3830753}.Release|x64.Build.0 = Release|Any CPU
		{E8959545-0813-4D45-8C9F-1ADE07F3A21F}.Debug|x64.ActiveCfg = Debug|Any CPU
		{E8959545-0813-4D45-8C9F-1ADE07F3A21F}.Debug|x64.Build.0 = Debug|Any CPU
		{E8959545-0813-4D45-8C9F-1ADE07F3A21F}.Release|x64.ActiveCfg = Release|Any CPU
		{E8959545-0813-4D45-8C9F-1ADE07F3A21F}.Release|x64.Build.0 = Release|Any CPU
		{197A747A-9D2B-4273-BDC6-02941C876CB2}.Debug|x64.ActiveCfg = Debug|Any CPU
		{197A747A-9D2B-4273-BDC6-02941C876CB2}.Debug|x64.Build.0 = Debug|Any CPU
		{197A747A-9D2B-4273-BDC6-02941C876CB2}.Release|x64.ActiveCfg = Release|Any CPU
		{197A747A-9D2B-4273-BDC6-02941C876CB2}.Release|x64.Build.0 = Release|Any CPU
		{8BDA5035-5778-4460-8166-E6B2BD477E29}.Debug|x64.ActiveCfg = Debug|Any CPU
		{8BDA5035-5778-4460-8166-E6B2BD477E29}.Debug|x64.Build.0 = Debug|Any CPU
		{8BDA5035-5778-4460-8166-E6B2BD477E29}.Release|x64.ActiveCfg = Release|Any CPU
		{8BDA5035-5778-4460-8166-E6B2BD477E29}.Release|x64.Build.0 = Release|Any CPU
		{35F238B1-820C-4487-9081-A4AF3952219C}.Debug|x64.ActiveCfg = Debug|Any CPU
		{35F238B1-820C-4487-9081-A4AF3952219C}.Debug|x64.Build.0 = Debug|Any CPU
		{35F238B1-820C-4487-9081-A4AF3952219C}.Release|x64.ActiveCfg = Release|Any CPU
		{35F238B1-820C-4487-9081-A4AF3952219C}.Release|x64.Build.0 = Release|Any CPU
		{5610EBDC-05D3-47CE-B954-BCC8E962D35A}.Debug|x64.ActiveCfg = Debug|Any CPU
		{5610EBDC-05D3-47CE-B954-BCC8E962D35A}.Debug|x64.Build.0 = Debug|Any CPU
		{5610EBDC-05D3-47CE-B954-BCC8E962D35A}.Release|x64.ActiveCfg = Release|Any CPU
		{5610EBDC-05D3-47CE-B954-BCC8E962D35A}.Release|x64.Build.0 = Release|Any CPU
		{8436B42B-430A-4CC3-9A9C-AF5743A459A9}.Debug|x64.ActiveCfg = Debug|Any CPU
		{8436B42B-430A-4CC3-9A9C-AF5743A459A9}.Debug|x64.Build.0 = Debug|Any CPU
		{8436B42B-430A-4CC3-9A9C-AF5743A459A9}.Release|x64.ActiveCfg = Release|Any CPU
		{8436B42B-430A-4CC3-9A9C-AF5743A459A9}.Release|x64.Build.0 = Release|Any CPU
		{9C5EDA2E-270E-4CF0-8D59-479285C074F3}.Debug|x64.ActiveCfg = Debug|Any CPU
		{9C5EDA2E-270E-4CF0-8D59-479285C074F3}.Debug|x64.Build.0 = Debug|Any CPU
		{9C5EDA2E-270E-4CF0-8D59-479285C074F3}.Release|x64.ActiveCfg = Release|Any CPU
		{9C5EDA2E-270E-4CF0-8D59-479285C074F3}.Release|x64.Build.0 = Release|Any CPU
		{C8DF6069-E673-4957-A173-2BFCA883B102}.Debug|x64.ActiveCfg = Debug|Any CPU
		{C8DF6069-E673-4957-A173-2BFCA883B102}.Debug|x64.Build.0 = Debug|Any CPU
		{C8DF6069-E673-4957-A173-2BFCA883B102}.Release|x64.ActiveCfg = Release|Any CPU
		{C8DF6069-E673-4957-A173-2BFCA883B102}.Release|x64.Build.0 = Release|Any CPU
		{63784908-38D4-4EF6-82F9-EA50EEC662E2}.Debug|x64.ActiveCfg = Debug|Any CPU
		{63784908-38D4-4EF6-82F9-EA50EEC662E2}.Debug|x64.Build.0 = Debug|Any CPU
		{63784908-38D4-4EF6-82F9-EA50EEC662E2}.Release|x64.ActiveCfg = Release|Any CPU
		{63784908-38D4-4EF6-82F9-EA50EEC662E2}.Release|x64.Build.0 = Release|Any CPU
		{5E5560A2-6673-49F1-8089-C557C6172738}.Debug|x64.ActiveCfg = Debug|Any CPU
		{5E5560A2-6673-49F1-8089-C557C6172738}.Debug|x64.Build.0 = Debug|Any CPU
		{5E5560A2-6673-49F1-8089-C557C6172738}.Release|x64.ActiveCfg = Release|Any CPU
		{5E5560A2-6673-49F1-8089-C557C6172738}.Release|x64.Build.0 = Release|Any CPU
		{64A84876-EE83-4042-A5C9-BC467B83591E}.Debug|x64.ActiveCfg = Debug|Any CPU
		{64A84876-EE83-4042-A5C9-BC467B83591E}.Debug|x64.Build.0 = Debug|Any CPU
		{64A84876-EE83-4042-A5C9-BC467B83591E}.Release|x64.ActiveCfg = Release|Any CPU
		{64A84876-EE83-4042-A5C9-BC467B83591E}.Release|x64.Build.0 = Release|Any CPU
		{4B56BAF2-A90D-41C8-A87A-B426C3053205}.Debug|x64.ActiveCfg = Debug|Any CPU
		{4B56BAF2-A90D-41C8-A87A-B426C3053205}.Debug|x64.Build.0 = Debug|Any CPU
		{4B56BAF2-A90D-41C8-A87A-B426C3053205}.Release|x64.ActiveCfg = Release|Any CPU
		{4B56BAF2-A90D-41C8-A87A-B426C3053205}.Release|x64.Build.0 = Release|Any CPU
		{DBD3B857-D3BD-4BBC-B51A-0C72FE9CFF67}.Debug|x64.ActiveCfg = Debug|Any CPU
		{DBD3B857-D3BD-4BBC-B51A-0C72FE9CFF67}.Debug|x64.Build.0 = Debug|Any CPU
		{DBD3B857-D3BD-4BBC-B51A-0C72FE9CFF67}.Release|x64.ActiveCfg = Release|Any CPU
		{DBD3B857-D3BD-4BBC-B51A-0C72FE9CFF67}.Release|x64.Build.0 = Release|Any CPU
	EndGlobalSection
	GlobalSection(SolutionProperties) = preSolution
		HideSolutionNode = FALSE
	EndGlobalSection
	GlobalSection(NestedProjects) = preSolution
		{C3F6BAD0-F298-468B-A33B-220D78FD1048} = {8422F721-1927-46CE-B5A4-A6CDB5DC1065}
		{634A67DC-4CA1-4A0D-8E8F-178DFC1A7CAD} = {230E655B-522B-46C4-A623-6B93D37E4203}
		{CFC71ACE-112A-467F-96EC-6566D4A6DFC6} = {0123AA02-09FF-4695-BCFF-227526CD2A67}
		{F5E989A2-028F-4E60-869C-EC57413376C6} = {0123AA02-09FF-4695-BCFF-227526CD2A67}
		{81FF9E87-F6CD-4095-B284-CFA6E3830753} = {230E655B-522B-46C4-A623-6B93D37E4203}
		{E8959545-0813-4D45-8C9F-1ADE07F3A21F} = {0123AA02-09FF-4695-BCFF-227526CD2A67}
		{197A747A-9D2B-4273-BDC6-02941C876CB2} = {0123AA02-09FF-4695-BCFF-227526CD2A67}
		{8BDA5035-5778-4460-8166-E6B2BD477E29} = {0123AA02-09FF-4695-BCFF-227526CD2A67}
		{35F238B1-820C-4487-9081-A4AF3952219C} = {0123AA02-09FF-4695-BCFF-227526CD2A67}
		{5610EBDC-05D3-47CE-B954-BCC8E962D35A} = {0123AA02-09FF-4695-BCFF-227526CD2A67}
		{9C5EDA2E-270E-4CF0-8D59-479285C074F3} = {D33D257F-4483-472E-B9EC-215BA0A5423C}
		{D33D257F-4483-472E-B9EC-215BA0A5423C} = {230E655B-522B-46C4-A623-6B93D37E4203}
		{8422F721-1927-46CE-B5A4-A6CDB5DC1065} = {230E655B-522B-46C4-A623-6B93D37E4203}
		{C8DF6069-E673-4957-A173-2BFCA883B102} = {8422F721-1927-46CE-B5A4-A6CDB5DC1065}
		{63784908-38D4-4EF6-82F9-EA50EEC662E2} = {D33D257F-4483-472E-B9EC-215BA0A5423C}
		{5E5560A2-6673-49F1-8089-C557C6172738} = {8422F721-1927-46CE-B5A4-A6CDB5DC1065}
		{64A84876-EE83-4042-A5C9-BC467B83591E} = {D33D257F-4483-472E-B9EC-215BA0A5423C}
		{4B56BAF2-A90D-41C8-A87A-B426C3053205} = {230E655B-522B-46C4-A623-6B93D37E4203}
		{6E85ECFF-38FB-47AF-B534-E0A52CEB0F06} = {230E655B-522B-46C4-A623-6B93D37E4203}
		{DBD3B857-D3BD-4BBC-B51A-0C72FE9CFF67} = {6E85ECFF-38FB-47AF-B534-E0A52CEB0F06}
	EndGlobalSection
	GlobalSection(ExtensibilityGlobals) = postSolution
		SolutionGuid = {15E413C3-E63F-4E9E-9720-1ACBE413083D}
	EndGlobalSection
EndGlobal
