
Microsoft Visual Studio Solution File, Format Version 12.00
# Visual Studio 14
VisualStudioVersion = 14.0.25420.1
MinimumVisualStudioVersion = 10.0.40219.1
Project("{FAE04EC0-301F-11D3-BF4B-00C04F79EFBC}") = "RenderApp", "RenderApp\RenderApp.csproj", "{C3F6BAD0-F298-468B-A33B-220D78FD1048}"
EndProject
Project("{FAE04EC0-301F-11D3-BF4B-00C04F79EFBC}") = "STLBrowser", "STLBrowser\STLBrowser.csproj", "{634A67DC-4CA1-4A0D-8E8F-178DFC1A7CAD}"
EndProject
Project("{FAE04EC0-301F-11D3-BF4B-00C04F79EFBC}") = "KI.Foundation", "KI.Foundation\KI.Foundation.csproj", "{CFC71ACE-112A-467F-96EC-6566D4A6DFC6}"
EndProject
Project("{FAE04EC0-301F-11D3-BF4B-00C04F79EFBC}") = "KI.Gfx", "KI.Gfx\KI.Gfx.csproj", "{F5E989A2-028F-4E60-869C-EC57413376C6}"
EndProject
Project("{FAE04EC0-301F-11D3-BF4B-00C04F79EFBC}") = "SSLICFoward", "ViewerTest\SSLICFoward.csproj", "{81FF9E87-F6CD-4095-B284-CFA6E3830753}"
EndProject
Project("{FAE04EC0-301F-11D3-BF4B-00C04F79EFBC}") = "KI.Analyzer", "KI.Analyzer\KI.Analyzer.csproj", "{E8959545-0813-4D45-8C9F-1ADE07F3A21F}"
EndProject
Project("{FAE04EC0-301F-11D3-BF4B-00C04F79EFBC}") = "KI.Asset", "KI.Asset\KI.Asset.csproj", "{197A747A-9D2B-4273-BDC6-02941C876CB2}"
EndProject
Project("{FAE04EC0-301F-11D3-BF4B-00C04F79EFBC}") = "KI.Renderer", "KI.Renderer\KI.Renderer.csproj", "{8BDA5035-5778-4460-8166-E6B2BD477E29}"
EndProject
Project("{FAE04EC0-301F-11D3-BF4B-00C04F79EFBC}") = "KI.Tool", "KI.Tool\KI.Tool.csproj", "{C8DF6069-E673-4957-A173-2BFCA883B102}"
EndProject
Project("{FAE04EC0-301F-11D3-BF4B-00C04F79EFBC}") = "KI.UI", "KI.UI\KI.UI.csproj", "{35F238B1-820C-4487-9081-A4AF3952219C}"
EndProject
Project("{FAE04EC0-301F-11D3-BF4B-00C04F79EFBC}") = "KI.Mathmatics", "KI.Mathmatics\KI.Mathmatics.csproj", "{5610EBDC-05D3-47CE-B954-BCC8E962D35A}"
EndProject
Global
	GlobalSection(SolutionConfigurationPlatforms) = preSolution
		Debug|Any CPU = Debug|Any CPU
		Debug|ARM = Debug|ARM
		Debug|x64 = Debug|x64
		Debug|x86 = Debug|x86
		Release|Any CPU = Release|Any CPU
		Release|ARM = Release|ARM
		Release|x64 = Release|x64
		Release|x86 = Release|x86
	EndGlobalSection
	GlobalSection(ProjectConfigurationPlatforms) = postSolution
		{C3F6BAD0-F298-468B-A33B-220D78FD1048}.Debug|Any CPU.ActiveCfg = Debug|Any CPU
		{C3F6BAD0-F298-468B-A33B-220D78FD1048}.Debug|Any CPU.Build.0 = Debug|Any CPU
		{C3F6BAD0-F298-468B-A33B-220D78FD1048}.Debug|ARM.ActiveCfg = Debug|Any CPU
		{C3F6BAD0-F298-468B-A33B-220D78FD1048}.Debug|ARM.Build.0 = Debug|Any CPU
		{C3F6BAD0-F298-468B-A33B-220D78FD1048}.Debug|x64.ActiveCfg = Debug|x64
		{C3F6BAD0-F298-468B-A33B-220D78FD1048}.Debug|x64.Build.0 = Debug|x64
		{C3F6BAD0-F298-468B-A33B-220D78FD1048}.Debug|x86.ActiveCfg = Debug|x86
		{C3F6BAD0-F298-468B-A33B-220D78FD1048}.Debug|x86.Build.0 = Debug|x86
		{C3F6BAD0-F298-468B-A33B-220D78FD1048}.Release|Any CPU.ActiveCfg = Release|Any CPU
		{C3F6BAD0-F298-468B-A33B-220D78FD1048}.Release|Any CPU.Build.0 = Release|Any CPU
		{C3F6BAD0-F298-468B-A33B-220D78FD1048}.Release|ARM.ActiveCfg = Release|Any CPU
		{C3F6BAD0-F298-468B-A33B-220D78FD1048}.Release|ARM.Build.0 = Release|Any CPU
		{C3F6BAD0-F298-468B-A33B-220D78FD1048}.Release|x64.ActiveCfg = Release|x64
		{C3F6BAD0-F298-468B-A33B-220D78FD1048}.Release|x64.Build.0 = Release|x64
		{C3F6BAD0-F298-468B-A33B-220D78FD1048}.Release|x86.ActiveCfg = Release|x86
		{C3F6BAD0-F298-468B-A33B-220D78FD1048}.Release|x86.Build.0 = Release|x86
		{634A67DC-4CA1-4A0D-8E8F-178DFC1A7CAD}.Debug|Any CPU.ActiveCfg = Release|Any CPU
		{634A67DC-4CA1-4A0D-8E8F-178DFC1A7CAD}.Debug|Any CPU.Build.0 = Release|Any CPU
		{634A67DC-4CA1-4A0D-8E8F-178DFC1A7CAD}.Debug|ARM.ActiveCfg = Debug|Any CPU
		{634A67DC-4CA1-4A0D-8E8F-178DFC1A7CAD}.Debug|ARM.Build.0 = Debug|Any CPU
		{634A67DC-4CA1-4A0D-8E8F-178DFC1A7CAD}.Debug|x64.ActiveCfg = Debug|Any CPU
		{634A67DC-4CA1-4A0D-8E8F-178DFC1A7CAD}.Debug|x86.ActiveCfg = Debug|Any CPU
		{634A67DC-4CA1-4A0D-8E8F-178DFC1A7CAD}.Release|Any CPU.ActiveCfg = Release|Any CPU
		{634A67DC-4CA1-4A0D-8E8F-178DFC1A7CAD}.Release|Any CPU.Build.0 = Release|Any CPU
		{634A67DC-4CA1-4A0D-8E8F-178DFC1A7CAD}.Release|ARM.ActiveCfg = Release|Any CPU
		{634A67DC-4CA1-4A0D-8E8F-178DFC1A7CAD}.Release|ARM.Build.0 = Release|Any CPU
		{634A67DC-4CA1-4A0D-8E8F-178DFC1A7CAD}.Release|x64.ActiveCfg = Release|Any CPU
		{634A67DC-4CA1-4A0D-8E8F-178DFC1A7CAD}.Release|x86.ActiveCfg = Release|Any CPU
		{CFC71ACE-112A-467F-96EC-6566D4A6DFC6}.Debug|Any CPU.ActiveCfg = Debug|Any CPU
		{CFC71ACE-112A-467F-96EC-6566D4A6DFC6}.Debug|Any CPU.Build.0 = Debug|Any CPU
		{CFC71ACE-112A-467F-96EC-6566D4A6DFC6}.Debug|ARM.ActiveCfg = Debug|Any CPU
		{CFC71ACE-112A-467F-96EC-6566D4A6DFC6}.Debug|ARM.Build.0 = Debug|Any CPU
		{CFC71ACE-112A-467F-96EC-6566D4A6DFC6}.Debug|x64.ActiveCfg = Debug|Any CPU
		{CFC71ACE-112A-467F-96EC-6566D4A6DFC6}.Debug|x86.ActiveCfg = Debug|Any CPU
		{CFC71ACE-112A-467F-96EC-6566D4A6DFC6}.Release|Any CPU.ActiveCfg = Release|Any CPU
		{CFC71ACE-112A-467F-96EC-6566D4A6DFC6}.Release|Any CPU.Build.0 = Release|Any CPU
		{CFC71ACE-112A-467F-96EC-6566D4A6DFC6}.Release|ARM.ActiveCfg = Release|Any CPU
		{CFC71ACE-112A-467F-96EC-6566D4A6DFC6}.Release|ARM.Build.0 = Release|Any CPU
		{CFC71ACE-112A-467F-96EC-6566D4A6DFC6}.Release|x64.ActiveCfg = Release|Any CPU
		{CFC71ACE-112A-467F-96EC-6566D4A6DFC6}.Release|x86.ActiveCfg = Release|Any CPU
		{F5E989A2-028F-4E60-869C-EC57413376C6}.Debug|Any CPU.ActiveCfg = Debug|Any CPU
		{F5E989A2-028F-4E60-869C-EC57413376C6}.Debug|Any CPU.Build.0 = Debug|Any CPU
		{F5E989A2-028F-4E60-869C-EC57413376C6}.Debug|ARM.ActiveCfg = Debug|Any CPU
		{F5E989A2-028F-4E60-869C-EC57413376C6}.Debug|ARM.Build.0 = Debug|Any CPU
		{F5E989A2-028F-4E60-869C-EC57413376C6}.Debug|x64.ActiveCfg = Debug|Any CPU
		{F5E989A2-028F-4E60-869C-EC57413376C6}.Debug|x86.ActiveCfg = Debug|Any CPU
		{F5E989A2-028F-4E60-869C-EC57413376C6}.Release|Any CPU.ActiveCfg = Release|Any CPU
		{F5E989A2-028F-4E60-869C-EC57413376C6}.Release|Any CPU.Build.0 = Release|Any CPU
		{F5E989A2-028F-4E60-869C-EC57413376C6}.Release|ARM.ActiveCfg = Release|Any CPU
		{F5E989A2-028F-4E60-869C-EC57413376C6}.Release|ARM.Build.0 = Release|Any CPU
		{F5E989A2-028F-4E60-869C-EC57413376C6}.Release|x64.ActiveCfg = Release|Any CPU
		{F5E989A2-028F-4E60-869C-EC57413376C6}.Release|x86.ActiveCfg = Release|Any CPU
		{81FF9E87-F6CD-4095-B284-CFA6E3830753}.Debug|Any CPU.ActiveCfg = Debug|Any CPU
		{81FF9E87-F6CD-4095-B284-CFA6E3830753}.Debug|Any CPU.Build.0 = Debug|Any CPU
		{81FF9E87-F6CD-4095-B284-CFA6E3830753}.Debug|ARM.ActiveCfg = Debug|Any CPU
		{81FF9E87-F6CD-4095-B284-CFA6E3830753}.Debug|ARM.Build.0 = Debug|Any CPU
		{81FF9E87-F6CD-4095-B284-CFA6E3830753}.Debug|x64.ActiveCfg = Debug|Any CPU
		{81FF9E87-F6CD-4095-B284-CFA6E3830753}.Debug|x64.Build.0 = Debug|Any CPU
		{81FF9E87-F6CD-4095-B284-CFA6E3830753}.Debug|x86.ActiveCfg = Debug|Any CPU
		{81FF9E87-F6CD-4095-B284-CFA6E3830753}.Debug|x86.Build.0 = Debug|Any CPU
		{81FF9E87-F6CD-4095-B284-CFA6E3830753}.Release|Any CPU.ActiveCfg = Release|Any CPU
		{81FF9E87-F6CD-4095-B284-CFA6E3830753}.Release|Any CPU.Build.0 = Release|Any CPU
		{81FF9E87-F6CD-4095-B284-CFA6E3830753}.Release|ARM.ActiveCfg = Release|Any CPU
		{81FF9E87-F6CD-4095-B284-CFA6E3830753}.Release|ARM.Build.0 = Release|Any CPU
		{81FF9E87-F6CD-4095-B284-CFA6E3830753}.Release|x64.ActiveCfg = Release|Any CPU
		{81FF9E87-F6CD-4095-B284-CFA6E3830753}.Release|x64.Build.0 = Release|Any CPU
		{81FF9E87-F6CD-4095-B284-CFA6E3830753}.Release|x86.ActiveCfg = Release|Any CPU
		{81FF9E87-F6CD-4095-B284-CFA6E3830753}.Release|x86.Build.0 = Release|Any CPU
		{E8959545-0813-4D45-8C9F-1ADE07F3A21F}.Debug|Any CPU.ActiveCfg = Debug|Any CPU
		{E8959545-0813-4D45-8C9F-1ADE07F3A21F}.Debug|Any CPU.Build.0 = Debug|Any CPU
		{E8959545-0813-4D45-8C9F-1ADE07F3A21F}.Debug|ARM.ActiveCfg = Debug|Any CPU
		{E8959545-0813-4D45-8C9F-1ADE07F3A21F}.Debug|ARM.Build.0 = Debug|Any CPU
		{E8959545-0813-4D45-8C9F-1ADE07F3A21F}.Debug|x64.ActiveCfg = Debug|Any CPU
		{E8959545-0813-4D45-8C9F-1ADE07F3A21F}.Debug|x64.Build.0 = Debug|Any CPU
		{E8959545-0813-4D45-8C9F-1ADE07F3A21F}.Debug|x86.ActiveCfg = Debug|Any CPU
		{E8959545-0813-4D45-8C9F-1ADE07F3A21F}.Debug|x86.Build.0 = Debug|Any CPU
		{E8959545-0813-4D45-8C9F-1ADE07F3A21F}.Release|Any CPU.ActiveCfg = Release|Any CPU
		{E8959545-0813-4D45-8C9F-1ADE07F3A21F}.Release|Any CPU.Build.0 = Release|Any CPU
		{E8959545-0813-4D45-8C9F-1ADE07F3A21F}.Release|ARM.ActiveCfg = Release|Any CPU
		{E8959545-0813-4D45-8C9F-1ADE07F3A21F}.Release|ARM.Build.0 = Release|Any CPU
		{E8959545-0813-4D45-8C9F-1ADE07F3A21F}.Release|x64.ActiveCfg = Release|Any CPU
		{E8959545-0813-4D45-8C9F-1ADE07F3A21F}.Release|x64.Build.0 = Release|Any CPU
		{E8959545-0813-4D45-8C9F-1ADE07F3A21F}.Release|x86.ActiveCfg = Release|Any CPU
		{E8959545-0813-4D45-8C9F-1ADE07F3A21F}.Release|x86.Build.0 = Release|Any CPU
		{197A747A-9D2B-4273-BDC6-02941C876CB2}.Debug|Any CPU.ActiveCfg = Debug|Any CPU
		{197A747A-9D2B-4273-BDC6-02941C876CB2}.Debug|Any CPU.Build.0 = Debug|Any CPU
		{197A747A-9D2B-4273-BDC6-02941C876CB2}.Debug|ARM.ActiveCfg = Debug|Any CPU
		{197A747A-9D2B-4273-BDC6-02941C876CB2}.Debug|ARM.Build.0 = Debug|Any CPU
		{197A747A-9D2B-4273-BDC6-02941C876CB2}.Debug|x64.ActiveCfg = Debug|Any CPU
		{197A747A-9D2B-4273-BDC6-02941C876CB2}.Debug|x64.Build.0 = Debug|Any CPU
		{197A747A-9D2B-4273-BDC6-02941C876CB2}.Debug|x86.ActiveCfg = Debug|Any CPU
		{197A747A-9D2B-4273-BDC6-02941C876CB2}.Debug|x86.Build.0 = Debug|Any CPU
		{197A747A-9D2B-4273-BDC6-02941C876CB2}.Release|Any CPU.ActiveCfg = Release|Any CPU
		{197A747A-9D2B-4273-BDC6-02941C876CB2}.Release|Any CPU.Build.0 = Release|Any CPU
		{197A747A-9D2B-4273-BDC6-02941C876CB2}.Release|ARM.ActiveCfg = Release|Any CPU
		{197A747A-9D2B-4273-BDC6-02941C876CB2}.Release|ARM.Build.0 = Release|Any CPU
		{197A747A-9D2B-4273-BDC6-02941C876CB2}.Release|x64.ActiveCfg = Release|Any CPU
		{197A747A-9D2B-4273-BDC6-02941C876CB2}.Release|x64.Build.0 = Release|Any CPU
		{197A747A-9D2B-4273-BDC6-02941C876CB2}.Release|x86.ActiveCfg = Release|Any CPU
		{197A747A-9D2B-4273-BDC6-02941C876CB2}.Release|x86.Build.0 = Release|Any CPU
		{8BDA5035-5778-4460-8166-E6B2BD477E29}.Debug|Any CPU.ActiveCfg = Debug|Any CPU
		{8BDA5035-5778-4460-8166-E6B2BD477E29}.Debug|Any CPU.Build.0 = Debug|Any CPU
		{8BDA5035-5778-4460-8166-E6B2BD477E29}.Debug|ARM.ActiveCfg = Debug|Any CPU
		{8BDA5035-5778-4460-8166-E6B2BD477E29}.Debug|ARM.Build.0 = Debug|Any CPU
		{8BDA5035-5778-4460-8166-E6B2BD477E29}.Debug|x64.ActiveCfg = Debug|Any CPU
		{8BDA5035-5778-4460-8166-E6B2BD477E29}.Debug|x64.Build.0 = Debug|Any CPU
		{8BDA5035-5778-4460-8166-E6B2BD477E29}.Debug|x86.ActiveCfg = Debug|Any CPU
		{8BDA5035-5778-4460-8166-E6B2BD477E29}.Debug|x86.Build.0 = Debug|Any CPU
		{8BDA5035-5778-4460-8166-E6B2BD477E29}.Release|Any CPU.ActiveCfg = Release|Any CPU
		{8BDA5035-5778-4460-8166-E6B2BD477E29}.Release|Any CPU.Build.0 = Release|Any CPU
		{8BDA5035-5778-4460-8166-E6B2BD477E29}.Release|ARM.ActiveCfg = Release|Any CPU
		{8BDA5035-5778-4460-8166-E6B2BD477E29}.Release|ARM.Build.0 = Release|Any CPU
		{8BDA5035-5778-4460-8166-E6B2BD477E29}.Release|x64.ActiveCfg = Release|Any CPU
		{8BDA5035-5778-4460-8166-E6B2BD477E29}.Release|x64.Build.0 = Release|Any CPU
		{8BDA5035-5778-4460-8166-E6B2BD477E29}.Release|x86.ActiveCfg = Release|Any CPU
		{8BDA5035-5778-4460-8166-E6B2BD477E29}.Release|x86.Build.0 = Release|Any CPU
		{C8DF6069-E673-4957-A173-2BFCA883B102}.Debug|Any CPU.ActiveCfg = Debug|Any CPU
		{C8DF6069-E673-4957-A173-2BFCA883B102}.Debug|Any CPU.Build.0 = Debug|Any CPU
		{C8DF6069-E673-4957-A173-2BFCA883B102}.Debug|ARM.ActiveCfg = Debug|Any CPU
		{C8DF6069-E673-4957-A173-2BFCA883B102}.Debug|ARM.Build.0 = Debug|Any CPU
		{C8DF6069-E673-4957-A173-2BFCA883B102}.Debug|x64.ActiveCfg = Debug|Any CPU
		{C8DF6069-E673-4957-A173-2BFCA883B102}.Debug|x64.Build.0 = Debug|Any CPU
		{C8DF6069-E673-4957-A173-2BFCA883B102}.Debug|x86.ActiveCfg = Debug|Any CPU
		{C8DF6069-E673-4957-A173-2BFCA883B102}.Debug|x86.Build.0 = Debug|Any CPU
		{C8DF6069-E673-4957-A173-2BFCA883B102}.Release|Any CPU.ActiveCfg = Release|Any CPU
		{C8DF6069-E673-4957-A173-2BFCA883B102}.Release|Any CPU.Build.0 = Release|Any CPU
		{C8DF6069-E673-4957-A173-2BFCA883B102}.Release|ARM.ActiveCfg = Release|Any CPU
		{C8DF6069-E673-4957-A173-2BFCA883B102}.Release|ARM.Build.0 = Release|Any CPU
		{C8DF6069-E673-4957-A173-2BFCA883B102}.Release|x64.ActiveCfg = Release|Any CPU
		{C8DF6069-E673-4957-A173-2BFCA883B102}.Release|x64.Build.0 = Release|Any CPU
		{C8DF6069-E673-4957-A173-2BFCA883B102}.Release|x86.ActiveCfg = Release|Any CPU
		{C8DF6069-E673-4957-A173-2BFCA883B102}.Release|x86.Build.0 = Release|Any CPU
		{35F238B1-820C-4487-9081-A4AF3952219C}.Debug|Any CPU.ActiveCfg = Debug|Any CPU
		{35F238B1-820C-4487-9081-A4AF3952219C}.Debug|Any CPU.Build.0 = Debug|Any CPU
		{35F238B1-820C-4487-9081-A4AF3952219C}.Debug|ARM.ActiveCfg = Debug|Any CPU
		{35F238B1-820C-4487-9081-A4AF3952219C}.Debug|ARM.Build.0 = Debug|Any CPU
		{35F238B1-820C-4487-9081-A4AF3952219C}.Debug|x64.ActiveCfg = Debug|Any CPU
		{35F238B1-820C-4487-9081-A4AF3952219C}.Debug|x64.Build.0 = Debug|Any CPU
		{35F238B1-820C-4487-9081-A4AF3952219C}.Debug|x86.ActiveCfg = Debug|Any CPU
		{35F238B1-820C-4487-9081-A4AF3952219C}.Debug|x86.Build.0 = Debug|Any CPU
		{35F238B1-820C-4487-9081-A4AF3952219C}.Release|Any CPU.ActiveCfg = Release|Any CPU
		{35F238B1-820C-4487-9081-A4AF3952219C}.Release|Any CPU.Build.0 = Release|Any CPU
		{35F238B1-820C-4487-9081-A4AF3952219C}.Release|ARM.ActiveCfg = Release|Any CPU
		{35F238B1-820C-4487-9081-A4AF3952219C}.Release|ARM.Build.0 = Release|Any CPU
		{35F238B1-820C-4487-9081-A4AF3952219C}.Release|x64.ActiveCfg = Release|Any CPU
		{35F238B1-820C-4487-9081-A4AF3952219C}.Release|x64.Build.0 = Release|Any CPU
		{35F238B1-820C-4487-9081-A4AF3952219C}.Release|x86.ActiveCfg = Release|Any CPU
		{35F238B1-820C-4487-9081-A4AF3952219C}.Release|x86.Build.0 = Release|Any CPU
		{5610EBDC-05D3-47CE-B954-BCC8E962D35A}.Debug|Any CPU.ActiveCfg = Debug|Any CPU
		{5610EBDC-05D3-47CE-B954-BCC8E962D35A}.Debug|Any CPU.Build.0 = Debug|Any CPU
		{5610EBDC-05D3-47CE-B954-BCC8E962D35A}.Debug|ARM.ActiveCfg = Debug|Any CPU
		{5610EBDC-05D3-47CE-B954-BCC8E962D35A}.Debug|ARM.Build.0 = Debug|Any CPU
		{5610EBDC-05D3-47CE-B954-BCC8E962D35A}.Debug|x64.ActiveCfg = Debug|Any CPU
		{5610EBDC-05D3-47CE-B954-BCC8E962D35A}.Debug|x64.Build.0 = Debug|Any CPU
		{5610EBDC-05D3-47CE-B954-BCC8E962D35A}.Debug|x86.ActiveCfg = Debug|Any CPU
		{5610EBDC-05D3-47CE-B954-BCC8E962D35A}.Debug|x86.Build.0 = Debug|Any CPU
		{5610EBDC-05D3-47CE-B954-BCC8E962D35A}.Release|Any CPU.ActiveCfg = Release|Any CPU
		{5610EBDC-05D3-47CE-B954-BCC8E962D35A}.Release|Any CPU.Build.0 = Release|Any CPU
		{5610EBDC-05D3-47CE-B954-BCC8E962D35A}.Release|ARM.ActiveCfg = Release|Any CPU
		{5610EBDC-05D3-47CE-B954-BCC8E962D35A}.Release|ARM.Build.0 = Release|Any CPU
		{5610EBDC-05D3-47CE-B954-BCC8E962D35A}.Release|x64.ActiveCfg = Release|Any CPU
		{5610EBDC-05D3-47CE-B954-BCC8E962D35A}.Release|x64.Build.0 = Release|Any CPU
		{5610EBDC-05D3-47CE-B954-BCC8E962D35A}.Release|x86.ActiveCfg = Release|Any CPU
		{5610EBDC-05D3-47CE-B954-BCC8E962D35A}.Release|x86.Build.0 = Release|Any CPU
	EndGlobalSection
	GlobalSection(SolutionProperties) = preSolution
		HideSolutionNode = FALSE
	EndGlobalSection
	GlobalSection(ExtensibilityGlobals) = postSolution
		SolutionGuid = {15E413C3-E63F-4E9E-9720-1ACBE413083D}
	EndGlobalSection
EndGlobal
